
Microsoft Visual Studio Solution File, Format Version 12.00
# Visual Studio Version 17
VisualStudioVersion = 17.5.002.0
MinimumVisualStudioVersion = 10.0.40219.1
Project("{9A19103F-16F7-4668-BE54-9A1E7A4F7556}") = "DesafioFundamentos", "DesafioFundamentos\DesafioFundamentos.csproj", "{B3F9728B-F990-49FF-8C2F-5078F7ED1636}"
EndProject
Global
	GlobalSection(SolutionConfigurationPlatforms) = preSolution
		Debug|Any CPU = Debug|Any CPU
		Release|Any CPU = Release|Any CPU
	EndGlobalSection
	GlobalSection(ProjectConfigurationPlatforms) = postSolution
		{B3F9728B-F990-49FF-8C2F-5078F7ED1636}.Debug|Any CPU.ActiveCfg = Debug|Any CPU
		{B3F9728B-F990-49FF-8C2F-5078F7ED1636}.Debug|Any CPU.Build.0 = Debug|Any CPU
		{B3F9728B-F990-49FF-8C2F-5078F7ED1636}.Release|Any CPU.ActiveCfg = Release|Any CPU
		{B3F9728B-F990-49FF-8C2F-5078F7ED1636}.Release|Any CPU.Build.0 = Release|Any CPU
	EndGlobalSection
	GlobalSection(SolutionProperties) = preSolution
		HideSolutionNode = FALSE
	EndGlobalSection
	GlobalSection(ExtensibilityGlobals) = postSolution
		SolutionGuid = {CA138DA9-68BD-4E73-A72F-81772B944BFF}
	EndGlobalSection
EndGlobal
